
Microsoft Visual Studio Solution File, Format Version 12.00
# Visual Studio Version 17
VisualStudioVersion = 17.11.35312.102
MinimumVisualStudioVersion = 10.0.40219.1
Project("{9A19103F-16F7-4668-BE54-9A1E7A4F7556}") = "BodyMetrica.Api", "BodyMetrica.Api\BodyMetrica.Api.csproj", "{426450A8-3F96-4440-B5E6-01207F988E85}"
EndProject
Project("{9A19103F-16F7-4668-BE54-9A1E7A4F7556}") = "BodyMetrica.UnitTests", "BodyMetrica.UnitTests\BodyMetrica.UnitTests.csproj", "{3184521E-8008-47CD-B202-98CC804264D1}"
EndProject
Project("{FAE04EC0-301F-11D3-BF4B-00C04F79EFBC}") = "BodyMetrica.Features", "BodyMetrica.Features\BodyMetrica.Features.csproj", "{F57A3FFF-136D-4660-8C16-91D0CCB1354A}"
EndProject
Project("{FAE04EC0-301F-11D3-BF4B-00C04F79EFBC}") = "BodyMetrica.Core", "BodyMetrica.Core\BodyMetrica.Core.csproj", "{058892C6-BAF5-4A46-923D-B13597FD3D4D}"
EndProject
Global
	GlobalSection(SolutionConfigurationPlatforms) = preSolution
		Debug|Any CPU = Debug|Any CPU
		Release|Any CPU = Release|Any CPU
	EndGlobalSection
	GlobalSection(ProjectConfigurationPlatforms) = postSolution
		{426450A8-3F96-4440-B5E6-01207F988E85}.Debug|Any CPU.ActiveCfg = Debug|Any CPU
		{426450A8-3F96-4440-B5E6-01207F988E85}.Debug|Any CPU.Build.0 = Debug|Any CPU
		{426450A8-3F96-4440-B5E6-01207F988E85}.Release|Any CPU.ActiveCfg = Release|Any CPU
		{426450A8-3F96-4440-B5E6-01207F988E85}.Release|Any CPU.Build.0 = Release|Any CPU
		{3184521E-8008-47CD-B202-98CC804264D1}.Debug|Any CPU.ActiveCfg = Debug|Any CPU
		{3184521E-8008-47CD-B202-98CC804264D1}.Debug|Any CPU.Build.0 = Debug|Any CPU
		{3184521E-8008-47CD-B202-98CC804264D1}.Release|Any CPU.ActiveCfg = Release|Any CPU
		{3184521E-8008-47CD-B202-98CC804264D1}.Release|Any CPU.Build.0 = Release|Any CPU
		{F57A3FFF-136D-4660-8C16-91D0CCB1354A}.Debug|Any CPU.ActiveCfg = Debug|Any CPU
		{F57A3FFF-136D-4660-8C16-91D0CCB1354A}.Debug|Any CPU.Build.0 = Debug|Any CPU
		{F57A3FFF-136D-4660-8C16-91D0CCB1354A}.Release|Any CPU.ActiveCfg = Release|Any CPU
		{F57A3FFF-136D-4660-8C16-91D0CCB1354A}.Release|Any CPU.Build.0 = Release|Any CPU
		{058892C6-BAF5-4A46-923D-B13597FD3D4D}.Debug|Any CPU.ActiveCfg = Debug|Any CPU
		{058892C6-BAF5-4A46-923D-B13597FD3D4D}.Debug|Any CPU.Build.0 = Debug|Any CPU
		{058892C6-BAF5-4A46-923D-B13597FD3D4D}.Release|Any CPU.ActiveCfg = Release|Any CPU
		{058892C6-BAF5-4A46-923D-B13597FD3D4D}.Release|Any CPU.Build.0 = Release|Any CPU
	EndGlobalSection
	GlobalSection(SolutionProperties) = preSolution
		HideSolutionNode = FALSE
	EndGlobalSection
	GlobalSection(ExtensibilityGlobals) = postSolution
		SolutionGuid = {88591225-E49F-4B38-A943-00B75B14E8A3}
	EndGlobalSection
EndGlobal
