
Microsoft Visual Studio Solution File, Format Version 12.00
# Visual Studio Version 17
VisualStudioVersion = 17.11.35312.102
MinimumVisualStudioVersion = 10.0.40219.1
Project("{9A19103F-16F7-4668-BE54-9A1E7A4F7556}") = "BodyMetrica.Api", "BodyMetrica.Api\BodyMetrica.Api.csproj", "{426450A8-3F96-4440-B5E6-01207F988E85}"
EndProject
Project("{2150E333-8FDC-42A3-9474-1A3956D46DE8}") = "CICD", "CICD", "{E4630E7F-FA33-46BB-8862-D4F310842CBF}"
	ProjectSection(SolutionItems) = preProject
		.github\workflows\build_and_test_bodymetrica-api.yml = .github\workflows\build_and_test_bodymetrica-api.yml
		.github\workflows\main_bodymetrica-api.yml = .github\workflows\main_bodymetrica-api.yml
	EndProjectSection
EndProject
Project("{9A19103F-16F7-4668-BE54-9A1E7A4F7556}") = "BodyMetrica.UnitTests", "BodyMetrica.UnitTests\BodyMetrica.UnitTests.csproj", "{3184521E-8008-47CD-B202-98CC804264D1}"
EndProject
Project("{9A19103F-16F7-4668-BE54-9A1E7A4F7556}") = "BodyMetrica.Domain.Weight", "BodyMetrica.Domain.Weight\BodyMetrica.Domain.Weight.csproj", "{27BCEE3D-77B7-489E-A3DC-1E8B55258756}"
EndProject
Project("{9A19103F-16F7-4668-BE54-9A1E7A4F7556}") = "BodyMetrica.Core", "BodyMetrica.Core\BodyMetrica.Core.csproj", "{0F2E7B57-BE9E-445B-A6E6-53F687D49C21}"
EndProject
Project("{2150E333-8FDC-42A3-9474-1A3956D46DE8}") = "Domain", "Domain", "{287ED193-E974-47A6-8E28-15F0940237C8}"
EndProject
Project("{9A19103F-16F7-4668-BE54-9A1E7A4F7556}") = "BodyMetrica.Infrastructure.DataAccess", "BodyMetrica.Infrastructure.DataAccess\BodyMetrica.Infrastructure.DataAccess.csproj", "{07818227-4CC3-4CAD-93E6-2BD1D7232C15}"
EndProject
Project("{2150E333-8FDC-42A3-9474-1A3956D46DE8}") = "Infrastructure", "Infrastructure", "{49A0AE2C-498D-443D-B2E3-A0CF1F33C5CA}"
EndProject
Project("{2150E333-8FDC-42A3-9474-1A3956D46DE8}") = "Tests", "Tests", "{1BC6F243-2DF6-477D-83FC-0E858E67FE39}"
EndProject
Global
	GlobalSection(SolutionConfigurationPlatforms) = preSolution
		Debug|Any CPU = Debug|Any CPU
		Release|Any CPU = Release|Any CPU
	EndGlobalSection
	GlobalSection(ProjectConfigurationPlatforms) = postSolution
		{426450A8-3F96-4440-B5E6-01207F988E85}.Debug|Any CPU.ActiveCfg = Debug|Any CPU
		{426450A8-3F96-4440-B5E6-01207F988E85}.Debug|Any CPU.Build.0 = Debug|Any CPU
		{426450A8-3F96-4440-B5E6-01207F988E85}.Release|Any CPU.ActiveCfg = Release|Any CPU
		{426450A8-3F96-4440-B5E6-01207F988E85}.Release|Any CPU.Build.0 = Release|Any CPU
		{3184521E-8008-47CD-B202-98CC804264D1}.Debug|Any CPU.ActiveCfg = Debug|Any CPU
		{3184521E-8008-47CD-B202-98CC804264D1}.Debug|Any CPU.Build.0 = Debug|Any CPU
		{3184521E-8008-47CD-B202-98CC804264D1}.Release|Any CPU.ActiveCfg = Release|Any CPU
		{3184521E-8008-47CD-B202-98CC804264D1}.Release|Any CPU.Build.0 = Release|Any CPU
		{27BCEE3D-77B7-489E-A3DC-1E8B55258756}.Debug|Any CPU.ActiveCfg = Debug|Any CPU
		{27BCEE3D-77B7-489E-A3DC-1E8B55258756}.Debug|Any CPU.Build.0 = Debug|Any CPU
		{27BCEE3D-77B7-489E-A3DC-1E8B55258756}.Release|Any CPU.ActiveCfg = Release|Any CPU
		{27BCEE3D-77B7-489E-A3DC-1E8B55258756}.Release|Any CPU.Build.0 = Release|Any CPU
		{0F2E7B57-BE9E-445B-A6E6-53F687D49C21}.Debug|Any CPU.ActiveCfg = Debug|Any CPU
		{0F2E7B57-BE9E-445B-A6E6-53F687D49C21}.Debug|Any CPU.Build.0 = Debug|Any CPU
		{0F2E7B57-BE9E-445B-A6E6-53F687D49C21}.Release|Any CPU.ActiveCfg = Release|Any CPU
		{0F2E7B57-BE9E-445B-A6E6-53F687D49C21}.Release|Any CPU.Build.0 = Release|Any CPU
		{07818227-4CC3-4CAD-93E6-2BD1D7232C15}.Debug|Any CPU.ActiveCfg = Debug|Any CPU
		{07818227-4CC3-4CAD-93E6-2BD1D7232C15}.Debug|Any CPU.Build.0 = Debug|Any CPU
		{07818227-4CC3-4CAD-93E6-2BD1D7232C15}.Release|Any CPU.ActiveCfg = Release|Any CPU
		{07818227-4CC3-4CAD-93E6-2BD1D7232C15}.Release|Any CPU.Build.0 = Release|Any CPU
	EndGlobalSection
	GlobalSection(SolutionProperties) = preSolution
		HideSolutionNode = FALSE
	EndGlobalSection
	GlobalSection(NestedProjects) = preSolution
		{3184521E-8008-47CD-B202-98CC804264D1} = {1BC6F243-2DF6-477D-83FC-0E858E67FE39}
		{27BCEE3D-77B7-489E-A3DC-1E8B55258756} = {287ED193-E974-47A6-8E28-15F0940237C8}
		{0F2E7B57-BE9E-445B-A6E6-53F687D49C21} = {287ED193-E974-47A6-8E28-15F0940237C8}
		{07818227-4CC3-4CAD-93E6-2BD1D7232C15} = {49A0AE2C-498D-443D-B2E3-A0CF1F33C5CA}
	EndGlobalSection
	GlobalSection(ExtensibilityGlobals) = postSolution
		SolutionGuid = {88591225-E49F-4B38-A943-00B75B14E8A3}
	EndGlobalSection
EndGlobal
